
Microsoft Visual Studio Solution File, Format Version 12.00
# Visual Studio Version 17
VisualStudioVersion = 17.1.32407.343
MinimumVisualStudioVersion = 10.0.40219.1
Project("{F184B08F-C81C-45F6-A57F-5ABD9991F28F}") = "La Bodeguita", "La Bodeguita\La Bodeguita.vbproj", "{99B27C4C-FC2F-4697-BB95-2380BF11DE89}"
EndProject
Global
	GlobalSection(SolutionConfigurationPlatforms) = preSolution
		Debug|Any CPU = Debug|Any CPU
		Release|Any CPU = Release|Any CPU
	EndGlobalSection
	GlobalSection(ProjectConfigurationPlatforms) = postSolution
		{99B27C4C-FC2F-4697-BB95-2380BF11DE89}.Debug|Any CPU.ActiveCfg = Debug|Any CPU
		{99B27C4C-FC2F-4697-BB95-2380BF11DE89}.Debug|Any CPU.Build.0 = Debug|Any CPU
		{99B27C4C-FC2F-4697-BB95-2380BF11DE89}.Release|Any CPU.ActiveCfg = Release|Any CPU
		{99B27C4C-FC2F-4697-BB95-2380BF11DE89}.Release|Any CPU.Build.0 = Release|Any CPU
	EndGlobalSection
	GlobalSection(SolutionProperties) = preSolution
		HideSolutionNode = FALSE
	EndGlobalSection
	GlobalSection(ExtensibilityGlobals) = postSolution
		SolutionGuid = {79107512-9C4C-41AA-A1C1-B971C8786C89}
	EndGlobalSection
EndGlobal
